
Microsoft Visual Studio Solution File, Format Version 12.00
# Visual Studio Version 17
VisualStudioVersion = 17.14.36414.22
MinimumVisualStudioVersion = 10.0.40219.1
Project("{FAE04EC0-301F-11D3-BF4B-00C04F79EFBC}") = "Lab_2", "Lab_2.csproj", "{A94A0786-2D1A-42AA-ADA7-2AD3F57A5F70}"
EndProject
Global
	GlobalSection(SolutionConfigurationPlatforms) = preSolution
		Debug|Any CPU = Debug|Any CPU
		Release|Any CPU = Release|Any CPU
	EndGlobalSection
	GlobalSection(ProjectConfigurationPlatforms) = postSolution
		{A94A0786-2D1A-42AA-ADA7-2AD3F57A5F70}.Debug|Any CPU.ActiveCfg = Debug|Any CPU
		{A94A0786-2D1A-42AA-ADA7-2AD3F57A5F70}.Debug|Any CPU.Build.0 = Debug|Any CPU
		{A94A0786-2D1A-42AA-ADA7-2AD3F57A5F70}.Release|Any CPU.ActiveCfg = Release|Any CPU
		{A94A0786-2D1A-42AA-ADA7-2AD3F57A5F70}.Release|Any CPU.Build.0 = Release|Any CPU
	EndGlobalSection
	GlobalSection(SolutionProperties) = preSolution
		HideSolutionNode = FALSE
	EndGlobalSection
	GlobalSection(ExtensibilityGlobals) = postSolution
		SolutionGuid = {1F0A6BAD-3834-46D7-80FD-F36E10470C14}
	EndGlobalSection
EndGlobal
